
Microsoft Visual Studio Solution File, Format Version 12.00
# Visual Studio Version 17
VisualStudioVersion = 17.8.34525.116
MinimumVisualStudioVersion = 10.0.40219.1
Project("{9A19103F-16F7-4668-BE54-9A1E7A4F7556}") = "Web", "Web\Web.csproj", "{1F34535C-A880-4A47-BF57-BB308927C9CD}"
EndProject
Project("{9A19103F-16F7-4668-BE54-9A1E7A4F7556}") = "WebSubscriber", "WebSubscriber\WebSubscriber.csproj", "{1D16EBF5-CB7F-43D5-BC4C-0F0973C09FD0}"
EndProject
Global
	GlobalSection(SolutionConfigurationPlatforms) = preSolution
		Debug|Any CPU = Debug|Any CPU
		Release|Any CPU = Release|Any CPU
	EndGlobalSection
	GlobalSection(ProjectConfigurationPlatforms) = postSolution
		{1F34535C-A880-4A47-BF57-BB308927C9CD}.Debug|Any CPU.ActiveCfg = Debug|Any CPU
		{1F34535C-A880-4A47-BF57-BB308927C9CD}.Debug|Any CPU.Build.0 = Debug|Any CPU
		{1F34535C-A880-4A47-BF57-BB308927C9CD}.Release|Any CPU.ActiveCfg = Release|Any CPU
		{1F34535C-A880-4A47-BF57-BB308927C9CD}.Release|Any CPU.Build.0 = Release|Any CPU
		{1D16EBF5-CB7F-43D5-BC4C-0F0973C09FD0}.Debug|Any CPU.ActiveCfg = Debug|Any CPU
		{1D16EBF5-CB7F-43D5-BC4C-0F0973C09FD0}.Debug|Any CPU.Build.0 = Debug|Any CPU
		{1D16EBF5-CB7F-43D5-BC4C-0F0973C09FD0}.Release|Any CPU.ActiveCfg = Release|Any CPU
		{1D16EBF5-CB7F-43D5-BC4C-0F0973C09FD0}.Release|Any CPU.Build.0 = Release|Any CPU
	EndGlobalSection
	GlobalSection(SolutionProperties) = preSolution
		HideSolutionNode = FALSE
	EndGlobalSection
	GlobalSection(ExtensibilityGlobals) = postSolution
		SolutionGuid = {2676F5C1-D03B-4514-865F-F01A080C2596}
	EndGlobalSection
EndGlobal
